
Microsoft Visual Studio Solution File, Format Version 12.00
# Visual Studio Version 16
VisualStudioVersion = 16.0.30711.63
MinimumVisualStudioVersion = 10.0.40219.1
Project("{FAE04EC0-301F-11D3-BF4B-00C04F79EFBC}") = "P0030482011038", "P0030482011038\P0030482011038.csproj", "{5F2BB140-E694-43AC-BC7E-8C32439B344D}"
EndProject
Global
	GlobalSection(SolutionConfigurationPlatforms) = preSolution
		Debug|Any CPU = Debug|Any CPU
		Release|Any CPU = Release|Any CPU
	EndGlobalSection
	GlobalSection(ProjectConfigurationPlatforms) = postSolution
		{5F2BB140-E694-43AC-BC7E-8C32439B344D}.Debug|Any CPU.ActiveCfg = Debug|Any CPU
		{5F2BB140-E694-43AC-BC7E-8C32439B344D}.Debug|Any CPU.Build.0 = Debug|Any CPU
		{5F2BB140-E694-43AC-BC7E-8C32439B344D}.Release|Any CPU.ActiveCfg = Release|Any CPU
		{5F2BB140-E694-43AC-BC7E-8C32439B344D}.Release|Any CPU.Build.0 = Release|Any CPU
	EndGlobalSection
	GlobalSection(SolutionProperties) = preSolution
		HideSolutionNode = FALSE
	EndGlobalSection
	GlobalSection(ExtensibilityGlobals) = postSolution
		SolutionGuid = {37E516E6-71D2-4D45-9CC3-01412D184C50}
	EndGlobalSection
EndGlobal
